
Microsoft Visual Studio Solution File, Format Version 12.00
# Visual Studio Version 17
VisualStudioVersion = 17.9.34728.123
MinimumVisualStudioVersion = 10.0.40219.1
Project("{888888A0-9F3D-457C-B088-3A5042F75D52}") = "FlaskWebProject1_OPENAI", "FlaskWebProject1_OPENAI\FlaskWebProject1_OPENAI.pyproj", "{CF728B85-97B8-4687-A142-F227161B8A5A}"
EndProject
Global
	GlobalSection(SolutionConfigurationPlatforms) = preSolution
		Debug|Any CPU = Debug|Any CPU
		Release|Any CPU = Release|Any CPU
	EndGlobalSection
	GlobalSection(ProjectConfigurationPlatforms) = postSolution
		{CF728B85-97B8-4687-A142-F227161B8A5A}.Debug|Any CPU.ActiveCfg = Debug|Any CPU
		{CF728B85-97B8-4687-A142-F227161B8A5A}.Debug|Any CPU.Build.0 = Debug|Any CPU
		{CF728B85-97B8-4687-A142-F227161B8A5A}.Release|Any CPU.ActiveCfg = Release|Any CPU
		{CF728B85-97B8-4687-A142-F227161B8A5A}.Release|Any CPU.Build.0 = Release|Any CPU
	EndGlobalSection
	GlobalSection(SolutionProperties) = preSolution
		HideSolutionNode = FALSE
	EndGlobalSection
	GlobalSection(ExtensibilityGlobals) = postSolution
		SolutionGuid = {9E344492-998F-4220-A718-7A3F737A2855}
	EndGlobalSection
EndGlobal
